
Microsoft Visual Studio Solution File, Format Version 12.00
# Visual Studio Version 17
VisualStudioVersion = 17.0.31903.59
MinimumVisualStudioVersion = 10.0.40219.1
Project("{FAE04EC0-301F-11D3-BF4B-00C04F79EFBC}") = "Template", "src\Template.csproj", "{A345F5EB-63CA-4CF6-A43D-66FF4C51242B}"
EndProject
Global
	GlobalSection(SolutionConfigurationPlatforms) = preSolution
		Debug|Any CPU = Debug|Any CPU
		Release|Any CPU = Release|Any CPU
	EndGlobalSection
	GlobalSection(SolutionProperties) = preSolution
		HideSolutionNode = FALSE
	EndGlobalSection
	GlobalSection(ProjectConfigurationPlatforms) = postSolution
		{A345F5EB-63CA-4CF6-A43D-66FF4C51242B}.Debug|Any CPU.ActiveCfg = Debug|Any CPU
		{A345F5EB-63CA-4CF6-A43D-66FF4C51242B}.Debug|Any CPU.Build.0 = Debug|Any CPU
		{A345F5EB-63CA-4CF6-A43D-66FF4C51242B}.Release|Any CPU.ActiveCfg = Release|Any CPU
		{A345F5EB-63CA-4CF6-A43D-66FF4C51242B}.Release|Any CPU.Build.0 = Release|Any CPU
	EndGlobalSection
EndGlobal
